<?xml version="1.0" encoding="utf-8"?>
<Project ToolsVersion="4.0" xmlns="http://schemas.microsoft.com/developer/msbuild/2003">
  <ItemGroup>
    <Filter Include="Файлы исходного кода">
      <UniqueIdentifier>{4FC737F1-C7A5-4376-A066-2A32D752A2FF}</UniqueIdentifier>
      <Extensions>cpp;c;cc;cxx;def;odl;idl;hpj;bat;asm;asmx</Extensions>
    </Filter>
    <Filter Include="Заголовочные файлы">
      <UniqueIdentifier>{93995380-89BD-4b04-88EB-625FBE52EBFB}</UniqueIdentifier>
      <Extensions>h;hpp;hxx;hm;inl;inc;xsd</Extensions>
    </Filter>
    <Filter Include="Файлы ресурсов">
      <UniqueIdentifier>{67DA6AB6-F800-4c08-8B7A-83BB121AAD01}</UniqueIdentifier>
      <Extensions>rc;ico;cur;bmp;dlg;rc2;rct;bin;rgs;gif;jpg;jpeg;jpe;resx;tiff;tif;png;wav;mfcribbon-ms</Extensions>
    </Filter>
  </ItemGroup>
  <ItemGroup>
    <ClCompile Include="Main.cpp">
      <Filter>Файлы исходного кода</Filter>
    </ClCompile>
    <ClCompile Include="WndClass.cpp">
      <Filter>Файлы исходного кода</Filter>
    </ClCompile>
    <ClCompile Include="ReadingIniFile.cpp">
      <Filter>Файлы исходного кода</Filter>
    </ClCompile>
    <ClCompile Include="OperationsOnSelectedLines.cpp">
      <Filter>Файлы исходного кода</Filter>
    </ClCompile>
  </ItemGroup>
  <ItemGroup>
    <ClInclude Include="WndClass.h">
      <Filter>Заголовочные файлы</Filter>
    </ClInclude>
    <ClInclude Include="resource.h">
      <Filter>Заголовочные файлы</Filter>
    </ClInclude>
    <ClInclude Include="General.h">
      <Filter>Заголовочные файлы</Filter>
    </ClInclude>
  </ItemGroup>
  <ItemGroup>
    <None Include="icon1.ico">
      <Filter>Файлы ресурсов</Filter>
    </None>
    <None Include="breakpoint_rounded_blue_inverted.xpm" />
    <None Include="ClassDiagram.cd" />
  </ItemGroup>
  <ItemGroup>
    <ResourceCompile Include="Main_RCFile.rc">
      <Filter>Файлы ресурсов</Filter>
    </ResourceCompile>
  </ItemGroup>
  <ItemGroup>
    <Image Include="bitmaps\icon3.ico">
      <Filter>Файлы ресурсов</Filter>
    </Image>
    <Image Include="Bitmaps\bitmap1.bmp">
      <Filter>Файлы ресурсов</Filter>
    </Image>
    <Image Include="Bitmaps\bitmap2.bmp">
      <Filter>Файлы ресурсов</Filter>
    </Image>
    <Image Include="Bitmaps\bitmap3.bmp">
      <Filter>Файлы ресурсов</Filter>
    </Image>
    <Image Include="Bitmaps\bitmap4.bmp">
      <Filter>Файлы ресурсов</Filter>
    </Image>
    <Image Include="Bitmaps\bitmap5.bmp">
      <Filter>Файлы ресурсов</Filter>
    </Image>
    <Image Include="Bitmaps\bitmap6.bmp">
      <Filter>Файлы ресурсов</Filter>
    </Image>
    <Image Include="Bitmaps\bitmap7.bmp">
      <Filter>Файлы ресурсов</Filter>
    </Image>
    <Image Include="Bitmaps\bitmap8.bmp">
      <Filter>Файлы ресурсов</Filter>
    </Image>
    <Image Include="Bitmaps\bitmap9.bmp">
      <Filter>Файлы ресурсов</Filter>
    </Image>
    <Image Include="Bitmaps\bitmap12.bmp">
      <Filter>Файлы ресурсов</Filter>
    </Image>
    <Image Include="Bitmaps\bitmap13.bmp">
      <Filter>Файлы ресурсов</Filter>
    </Image>
    <Image Include="Bitmaps\bitmap14.bmp">
      <Filter>Файлы ресурсов</Filter>
    </Image>
    <Image Include="Bitmaps\bitmap15.bmp">
      <Filter>Файлы ресурсов</Filter>
    </Image>
    <Image Include="Bitmaps\bitmap16.bmp">
      <Filter>Файлы ресурсов</Filter>
    </Image>
    <Image Include="Bitmaps\bitmap18.bmp">
      <Filter>Файлы ресурсов</Filter>
    </Image>
    <Image Include="Bitmaps\bitmap20.bmp">
      <Filter>Файлы ресурсов</Filter>
    </Image>
    <Image Include="Bitmaps\bitmap21.bmp">
      <Filter>Файлы ресурсов</Filter>
    </Image>
    <Image Include="Bitmaps\bitmap41.bmp">
      <Filter>Файлы ресурсов</Filter>
    </Image>
    <Image Include="Bitmaps\bitmap44.bmp">
      <Filter>Файлы ресурсов</Filter>
    </Image>
    <Image Include="Bitmaps\bitmap52.bmp">
      <Filter>Файлы ресурсов</Filter>
    </Image>
    <Image Include="Bitmaps\bitmap53.bmp">
      <Filter>Файлы ресурсов</Filter>
    </Image>
    <Image Include="Bitmaps\bitmap54.bmp">
      <Filter>Файлы ресурсов</Filter>
    </Image>
    <Image Include="Bitmaps\bitmap55.bmp">
      <Filter>Файлы ресурсов</Filter>
    </Image>
    <Image Include="Bitmaps\bitmap56.bmp">
      <Filter>Файлы ресурсов</Filter>
    </Image>
    <Image Include="Bitmaps\bitmap57.bmp">
      <Filter>Файлы ресурсов</Filter>
    </Image>
    <Image Include="Bitmaps\bitmap58.bmp">
      <Filter>Файлы ресурсов</Filter>
    </Image>
    <Image Include="Bitmaps\bitmap59.bmp">
      <Filter>Файлы ресурсов</Filter>
    </Image>
    <Image Include="Bitmaps\bitmap60.bmp">
      <Filter>Файлы ресурсов</Filter>
    </Image>
    <Image Include="Bitmaps\bitmap61.bmp">
      <Filter>Файлы ресурсов</Filter>
    </Image>
    <Image Include="Bitmaps\bitmap62.bmp">
      <Filter>Файлы ресурсов</Filter>
    </Image>
    <Image Include="Bitmaps\bitmap63.bmp">
      <Filter>Файлы ресурсов</Filter>
    </Image>
    <Image Include="Bitmaps\bitmap64.bmp">
      <Filter>Файлы ресурсов</Filter>
    </Image>
    <Image Include="Bitmaps\bitmap65.bmp">
      <Filter>Файлы ресурсов</Filter>
    </Image>
    <Image Include="Bitmaps\bitmap66.bmp">
      <Filter>Файлы ресурсов</Filter>
    </Image>
    <Image Include="Bitmaps\bitmap67.bmp">
      <Filter>Файлы ресурсов</Filter>
    </Image>
    <Image Include="Bitmaps\bitmap68.bmp">
      <Filter>Файлы ресурсов</Filter>
    </Image>
    <Image Include="Bitmaps\bitmap69.bmp">
      <Filter>Файлы ресурсов</Filter>
    </Image>
  </ItemGroup>
  <ItemGroup>
    <Text Include="Examples\Hello World.txt" />
    <Text Include="Examples\Example2.HelloWorld.txt" />
    <Text Include="Examples\Example3.HelloWorld.txt" />
    <Text Include="Examples\DDRAW.txt" />
    <Text Include="Examples\DIALOG.txt" />
    <Text Include="Examples\DLL.txt" />
    <Text Include="Examples\DLL2.txt" />
    <Text Include="Examples\MINIPAD.txt" />
    <Text Include="Examples\MSCOFF.txt" />
    <Text Include="Examples\OPENGL.txt" />
    <Text Include="Examples\PEDEMO.txt" />
    <Text Include="Examples\TEMPLATE.txt" />
    <Text Include="Examples\USECOM.txt" />
    <Text Include="Examples\MANDEL.txt" />
    <Text Include="Examples\OPENGL2.txt" />
    <Text Include="Examples\PE64DEMO.txt" />
    <Text Include="Examples\TEMPLATE2.txt" />
    <Text Include="Examples\USECOM2.txt" />
  </ItemGroup>
</Project>